{
  "nodes": {
    "gen-algebra": {
      "locked": {
        "lastModified": 1790022528,
        "narHash": "sha256-GzqA7pDiS16fN3gYQ2oPST8l2UrVKxLUXIMUr37xUUU=",
        "owner": "sini",
        "repo": "gen-algebra",
        "rev": "09d65cad62bc9a9041ce4d9a5ce3260ffcc5a870",
        "type": "github"
      },
      "original": {
        "owner": "sini",
        "repo": "gen-algebra",
        "type": "github"
      }
    },
    "root": {
      "inputs": {
        "gen-algebra": "gen-algebra"
      }
    }
  },
  "root": "root",
  "version": 7
}
