{
  "nodes": {
    "gen-algebra": {
      "locked": {
        "lastModified": 1790584445,
        "narHash": "sha256-qQE7Gy+T6cZxJ5S2JE4cIM194JMUbmhvAKEtaYwYM00=",
        "owner": "sini",
        "repo": "gen-algebra",
        "rev": "a8628b47c48477c29af1e8aa53a67ac3af2d8903",
        "type": "github"
      },
      "original": {
        "owner": "sini",
        "repo": "gen-algebra",
        "type": "github"
      }
    },
    "root": {
      "inputs": {
        "gen-algebra": "gen-algebra"
      }
    }
  },
  "root": "root",
  "version": 7
}
