{
  "nodes": {
    "gen-algebra": {
      "locked": {
        "lastModified": 1790481669,
        "narHash": "sha256-dXW35dcG85pCpPxKnPt2KlrPFDwwzwUmcO0XBTtGccg=",
        "owner": "sini",
        "repo": "gen-algebra",
        "rev": "de08f7d8125b767d068e4f7c58042c419ee79f4b",
        "type": "github"
      },
      "original": {
        "owner": "sini",
        "repo": "gen-algebra",
        "type": "github"
      }
    },
    "root": {
      "inputs": {
        "gen-algebra": "gen-algebra"
      }
    }
  },
  "root": "root",
  "version": 7
}
